
Microsoft Visual Studio Solution File, Format Version 12.00
# Visual Studio Version 16
VisualStudioVersion = 16.0.31205.134
MinimumVisualStudioVersion = 10.0.40219.1
Project("{FAE04EC0-301F-11D3-BF4B-00C04F79EFBC}") = "RBCScoreBoard", "RBCScoreBoard\RBCScoreBoard.csproj", "{810BCE3D-BE03-48A8-9164-F57F1A46378E}"
EndProject
Project("{54435603-DBB4-11D2-8724-00A0C9A8B90C}") = "Setup", "Setup\Setup.vdproj", "{3C6EA525-D66C-4DEA-8E70-8FE484305E5D}"
EndProject
Global
	GlobalSection(SolutionConfigurationPlatforms) = preSolution
		Debug|Any CPU = Debug|Any CPU
		Release|Any CPU = Release|Any CPU
	EndGlobalSection
	GlobalSection(ProjectConfigurationPlatforms) = postSolution
		{810BCE3D-BE03-48A8-9164-F57F1A46378E}.Debug|Any CPU.ActiveCfg = Debug|Any CPU
		{810BCE3D-BE03-48A8-9164-F57F1A46378E}.Debug|Any CPU.Build.0 = Debug|Any CPU
		{810BCE3D-BE03-48A8-9164-F57F1A46378E}.Release|Any CPU.ActiveCfg = Release|Any CPU
		{810BCE3D-BE03-48A8-9164-F57F1A46378E}.Release|Any CPU.Build.0 = Release|Any CPU
		{3C6EA525-D66C-4DEA-8E70-8FE484305E5D}.Debug|Any CPU.ActiveCfg = Debug
		{3C6EA525-D66C-4DEA-8E70-8FE484305E5D}.Release|Any CPU.ActiveCfg = Release
	EndGlobalSection
	GlobalSection(SolutionProperties) = preSolution
		HideSolutionNode = FALSE
	EndGlobalSection
	GlobalSection(ExtensibilityGlobals) = postSolution
		SolutionGuid = {0C6EF943-CB5D-40C3-B5CA-57D69BAB300B}
	EndGlobalSection
EndGlobal
